// !$*UTF8*$!
{
	archiveVersion = 1;
	classes = {
	};
	objectVersion = 46;
	objects = {

/* Begin PBXBuildFile section */
		D7425C9F161C152400C45332 /* UIKit.framework in Frameworks */ = {isa = PBXBuildFile; fileRef = D7425C9E161C152400C45332 /* UIKit.framework */; };
		D7425CA1161C152400C45332 /* Foundation.framework in Frameworks */ = {isa = PBXBuildFile; fileRef = D7425CA0161C152400C45332 /* Foundation.framework */; };
		D7425CA3161C152400C45332 /* CoreGraphics.framework in Frameworks */ = {isa = PBXBuildFile; fileRef = D7425CA2161C152400C45332 /* CoreGraphics.framework */; };
		D7425CA5161C152400C45332 /* CoreData.framework in Frameworks */ = {isa = PBXBuildFile; fileRef = D7425CA4161C152400C45332 /* CoreData.framework */; };
		D7425CAB161C152400C45332 /* InfoPlist.strings in Resources */ = {isa = PBXBuildFile; fileRef = D7425CA9161C152400C45332 /* InfoPlist.strings */; };
		D7425CAD161C152400C45332 /* main.m in Sources */ = {isa = PBXBuildFile; fileRef = D7425CAC161C152400C45332 /* main.m */; };
		D7425CB1161C152400C45332 /* IGAppDelegate.m in Sources */ = {isa = PBXBuildFile; fileRef = D7425CB0161C152400C45332 /* IGAppDelegate.m */; };
		D7425CB4161C152400C45332 /* Three20.xcdatamodeld in Sources */ = {isa = PBXBuildFile; fileRef = D7425CB2161C152400C45332 /* Three20.xcdatamodeld */; };
/* End PBXBuildFile section */

/* Begin PBXFileReference section */
		D7425C9A161C152400C45332 /* Three20.app */ = {isa = PBXFileReference; explicitFileType = wrapper.application; includeInIndex = 0; path = Three20.app; sourceTree = BUILT_PRODUCTS_DIR; };
		D7425C9E161C152400C45332 /* UIKit.framework */ = {isa = PBXFileReference; lastKnownFileType = wrapper.framework; name = UIKit.framework; path = System/Library/Frameworks/UIKit.framework; sourceTree = SDKROOT; };
		D7425CA0161C152400C45332 /* Foundation.framework */ = {isa = PBXFileReference; lastKnownFileType = wrapper.framework; name = Foundation.framework; path = System/Library/Frameworks/Foundation.framework; sourceTree = SDKROOT; };
		D7425CA2161C152400C45332 /* CoreGraphics.framework */ = {isa = PBXFileReference; lastKnownFileType = wrapper.framework; name = CoreGraphics.framework; path = System/Library/Frameworks/CoreGraphics.framework; sourceTree = SDKROOT; };
		D7425CA4161C152400C45332 /* CoreData.framework */ = {isa = PBXFileReference; lastKnownFileType = wrapper.framework; name = CoreData.framework; path = System/Library/Frameworks/CoreData.framework; sourceTree = SDKROOT; };
		D7425CA8161C152400C45332 /* Three20-Info.plist */ = {isa = PBXFileReference; lastKnownFileType = text.plist.xml; path = "Three20-Info.plist"; sourceTree = "<group>"; };
		D7425CAA161C152400C45332 /* en */ = {isa = PBXFileReference; lastKnownFileType = text.plist.strings; name = en; path = en.lproj/InfoPlist.strings; sourceTree = "<group>"; };
		D7425CAC161C152400C45332 /* main.m */ = {isa = PBXFileReference; lastKnownFileType = sourcecode.c.objc; path = main.m; sourceTree = "<group>"; };
		D7425CAE161C152400C45332 /* Three20-Prefix.pch */ = {isa = PBXFileReference; lastKnownFileType = sourcecode.c.h; path = "Three20-Prefix.pch"; sourceTree = "<group>"; };
		D7425CAF161C152400C45332 /* IGAppDelegate.h */ = {isa = PBXFileReference; lastKnownFileType = sourcecode.c.h; path = IGAppDelegate.h; sourceTree = "<group>"; };
		D7425CB0161C152400C45332 /* IGAppDelegate.m */ = {isa = PBXFileReference; lastKnownFileType = sourcecode.c.objc; path = IGAppDelegate.m; sourceTree = "<group>"; };
		D7425CB3161C152400C45332 /* Three20.xcdatamodel */ = {isa = PBXFileReference; lastKnownFileType = wrapper.xcdatamodel; path = Three20.xcdatamodel; sourceTree = "<group>"; };
/* End PBXFileReference section */

/* Begin PBXFrameworksBuildPhase section */
		D7425C97161C152400C45332 /* Frameworks */ = {
			isa = PBXFrameworksBuildPhase;
			buildActionMask = 2147483647;
			files = (
				D7425C9F161C152400C45332 /* UIKit.framework in Frameworks */,
				D7425CA1161C152400C45332 /* Foundation.framework in Frameworks */,
				D7425CA3161C152400C45332 /* CoreGraphics.framework in Frameworks */,
				D7425CA5161C152400C45332 /* CoreData.framework in Frameworks */,
			);
			runOnlyForDeploymentPostprocessing = 0;
		};
/* End PBXFrameworksBuildPhase section */

/* Begin PBXGroup section */
		D7425C8F161C152400C45332 = {
			isa = PBXGroup;
			children = (
				D7425CA6161C152400C45332 /* Three20 */,
				D7425C9D161C152400C45332 /* Frameworks */,
				D7425C9B161C152400C45332 /* Products */,
			);
			sourceTree = "<group>";
		};
		D7425C9B161C152400C45332 /* Products */ = {
			isa = PBXGroup;
			children = (
				D7425C9A161C152400C45332 /* Three20.app */,
			);
			name = Products;
			sourceTree = "<group>";
		};
		D7425C9D161C152400C45332 /* Frameworks */ = {
			isa = PBXGroup;
			children = (
				D7425C9E161C152400C45332 /* UIKit.framework */,
				D7425CA0161C152400C45332 /* Foundation.framework */,
				D7425CA2161C152400C45332 /* CoreGraphics.framework */,
				D7425CA4161C152400C45332 /* CoreData.framework */,
			);
			name = Frameworks;
			sourceTree = "<group>";
		};
		D7425CA6161C152400C45332 /* Three20 */ = {
			isa = PBXGroup;
			children = (
				D7425CAF161C152400C45332 /* IGAppDelegate.h */,
				D7425CB0161C152400C45332 /* IGAppDelegate.m */,
				D7425CB2161C152400C45332 /* Three20.xcdatamodeld */,
				D7425CA7161C152400C45332 /* Supporting Files */,
			);
			path = Three20;
			sourceTree = "<group>";
		};
		D7425CA7161C152400C45332 /* Supporting Files */ = {
			isa = PBXGroup;
			children = (
				D7425CA8161C152400C45332 /* Three20-Info.plist */,
				D7425CA9161C152400C45332 /* InfoPlist.strings */,
				D7425CAC161C152400C45332 /* main.m */,
				D7425CAE161C152400C45332 /* Three20-Prefix.pch */,
			);
			name = "Supporting Files";
			sourceTree = "<group>";
		};
/* End PBXGroup section */

/* Begin PBXNativeTarget section */
		D7425C99161C152400C45332 /* Three20 */ = {
			isa = PBXNativeTarget;
			buildConfigurationList = D7425CB7161C152400C45332 /* Build configuration list for PBXNativeTarget "Three20" */;
			buildPhases = (
				D7425C96161C152400C45332 /* Sources */,
				D7425C97161C152400C45332 /* Frameworks */,
				D7425C98161C152400C45332 /* Resources */,
			);
			buildRules = (
			);
			dependencies = (
			);
			name = Three20;
			productName = Three20;
			productReference = D7425C9A161C152400C45332 /* Three20.app */;
			productType = "com.apple.product-type.application";
		};
/* End PBXNativeTarget section */

/* Begin PBXProject section */
		D7425C91161C152400C45332 /* Project object */ = {
			isa = PBXProject;
			attributes = {
				CLASSPREFIX = IG;
				LastUpgradeCheck = 0430;
			};
			buildConfigurationList = D7425C94161C152400C45332 /* Build configuration list for PBXProject "Three20" */;
			compatibilityVersion = "Xcode 3.2";
			developmentRegion = English;
			hasScannedForEncodings = 0;
			knownRegions = (
				en,
			);
			mainGroup = D7425C8F161C152400C45332;
			productRefGroup = D7425C9B161C152400C45332 /* Products */;
			projectDirPath = "";
			projectRoot = "";
			targets = (
				D7425C99161C152400C45332 /* Three20 */,
			);
		};
/* End PBXProject section */

/* Begin PBXResourcesBuildPhase section */
		D7425C98161C152400C45332 /* Resources */ = {
			isa = PBXResourcesBuildPhase;
			buildActionMask = 2147483647;
			files = (
				D7425CAB161C152400C45332 /* InfoPlist.strings in Resources */,
			);
			runOnlyForDeploymentPostprocessing = 0;
		};
/* End PBXResourcesBuildPhase section */

/* Begin PBXSourcesBuildPhase section */
		D7425C96161C152400C45332 /* Sources */ = {
			isa = PBXSourcesBuildPhase;
			buildActionMask = 2147483647;
			files = (
				D7425CAD161C152400C45332 /* main.m in Sources */,
				D7425CB1161C152400C45332 /* IGAppDelegate.m in Sources */,
				D7425CB4161C152400C45332 /* Three20.xcdatamodeld in Sources */,
			);
			runOnlyForDeploymentPostprocessing = 0;
		};
/* End PBXSourcesBuildPhase section */

/* Begin PBXVariantGroup section */
		D7425CA9161C152400C45332 /* InfoPlist.strings */ = {
			isa = PBXVariantGroup;
			children = (
				D7425CAA161C152400C45332 /* en */,
			);
			name = InfoPlist.strings;
			sourceTree = "<group>";
		};
/* End PBXVariantGroup section */

/* Begin XCBuildConfiguration section */
		D7425CB5161C152400C45332 /* Debug */ = {
			isa = XCBuildConfiguration;
			buildSettings = {
				ALWAYS_SEARCH_USER_PATHS = NO;
				ARCHS = "$(ARCHS_STANDARD_32_BIT)";
				CLANG_ENABLE_OBJC_ARC = YES;
				"CODE_SIGN_IDENTITY[sdk=iphoneos*]" = "iPhone Developer";
				COPY_PHASE_STRIP = NO;
				GCC_C_LANGUAGE_STANDARD = gnu99;
				GCC_DYNAMIC_NO_PIC = NO;
				GCC_OPTIMIZATION_LEVEL = 0;
				GCC_PREPROCESSOR_DEFINITIONS = (
					"DEBUG=1",
					"$(inherited)",
				);
				GCC_SYMBOLS_PRIVATE_EXTERN = NO;
				GCC_VERSION = com.apple.compilers.llvm.clang.1_0;
				GCC_WARN_ABOUT_RETURN_TYPE = YES;
				GCC_WARN_UNINITIALIZED_AUTOS = YES;
				GCC_WARN_UNUSED_VARIABLE = YES;
				IPHONEOS_DEPLOYMENT_TARGET = 5.1;
				SDKROOT = iphoneos;
			};
			name = Debug;
		};
		D7425CB6161C152400C45332 /* Release */ = {
			isa = XCBuildConfiguration;
			buildSettings = {
				ALWAYS_SEARCH_USER_PATHS = NO;
				ARCHS = "$(ARCHS_STANDARD_32_BIT)";
				CLANG_ENABLE_OBJC_ARC = YES;
				"CODE_SIGN_IDENTITY[sdk=iphoneos*]" = "iPhone Developer";
				COPY_PHASE_STRIP = YES;
				GCC_C_LANGUAGE_STANDARD = gnu99;
				GCC_VERSION = com.apple.compilers.llvm.clang.1_0;
				GCC_WARN_ABOUT_RETURN_TYPE = YES;
				GCC_WARN_UNINITIALIZED_AUTOS = YES;
				GCC_WARN_UNUSED_VARIABLE = YES;
				IPHONEOS_DEPLOYMENT_TARGET = 5.1;
				OTHER_CFLAGS = "-DNS_BLOCK_ASSERTIONS=1";
				SDKROOT = iphoneos;
				VALIDATE_PRODUCT = YES;
			};
			name = Release;
		};
		D7425CB8161C152400C45332 /* Debug */ = {
			isa = XCBuildConfiguration;
			buildSettings = {
				GCC_PRECOMPILE_PREFIX_HEADER = YES;
				GCC_PREFIX_HEADER = "Three20/Three20-Prefix.pch";
				INFOPLIST_FILE = "Three20/Three20-Info.plist";
				PRODUCT_NAME = "$(TARGET_NAME)";
				WRAPPER_EXTENSION = app;
			};
			name = Debug;
		};
		D7425CB9161C152400C45332 /* Release */ = {
			isa = XCBuildConfiguration;
			buildSettings = {
				GCC_PRECOMPILE_PREFIX_HEADER = YES;
				GCC_PREFIX_HEADER = "Three20/Three20-Prefix.pch";
				INFOPLIST_FILE = "Three20/Three20-Info.plist";
				PRODUCT_NAME = "$(TARGET_NAME)";
				WRAPPER_EXTENSION = app;
			};
			name = Release;
		};
/* End XCBuildConfiguration section */

/* Begin XCConfigurationList section */
		D7425C94161C152400C45332 /* Build configuration list for PBXProject "Three20" */ = {
			isa = XCConfigurationList;
			buildConfigurations = (
				D7425CB5161C152400C45332 /* Debug */,
				D7425CB6161C152400C45332 /* Release */,
			);
			defaultConfigurationIsVisible = 0;
			defaultConfigurationName = Release;
		};
		D7425CB7161C152400C45332 /* Build configuration list for PBXNativeTarget "Three20" */ = {
			isa = XCConfigurationList;
			buildConfigurations = (
				D7425CB8161C152400C45332 /* Debug */,
				D7425CB9161C152400C45332 /* Release */,
			);
			defaultConfigurationIsVisible = 0;
		};
/* End XCConfigurationList section */

/* Begin XCVersionGroup section */
		D7425CB2161C152400C45332 /* Three20.xcdatamodeld */ = {
			isa = XCVersionGroup;
			children = (
				D7425CB3161C152400C45332 /* Three20.xcdatamodel */,
			);
			currentVersion = D7425CB3161C152400C45332 /* Three20.xcdatamodel */;
			path = Three20.xcdatamodeld;
			sourceTree = "<group>";
			versionGroupType = wrapper.xcdatamodel;
		};
/* End XCVersionGroup section */
	};
	rootObject = D7425C91161C152400C45332 /* Project object */;
}
